
Microsoft Visual Studio Solution File, Format Version 12.00
# Visual Studio 15
VisualStudioVersion = 15.0.27130.2027
MinimumVisualStudioVersion = 10.0.40219.1
Project("{9A19103F-16F7-4668-BE54-9A1E7A4F7556}") = "SandBus", "SandBus\SandBus.csproj", "{60D45F54-1AB5-40F3-BC7F-F90EDE775055}"
EndProject
Project("{FAE04EC0-301F-11D3-BF4B-00C04F79EFBC}") = "SandBusTest", "SandBusTest\SandBusTest.csproj", "{1C75D169-B563-453B-9D57-9C8C9071BBBB}"
EndProject
Global
	GlobalSection(SolutionConfigurationPlatforms) = preSolution
		Debug|Any CPU = Debug|Any CPU
		Release|Any CPU = Release|Any CPU
	EndGlobalSection
	GlobalSection(ProjectConfigurationPlatforms) = postSolution
		{60D45F54-1AB5-40F3-BC7F-F90EDE775055}.Debug|Any CPU.ActiveCfg = Debug|Any CPU
		{60D45F54-1AB5-40F3-BC7F-F90EDE775055}.Debug|Any CPU.Build.0 = Debug|Any CPU
		{60D45F54-1AB5-40F3-BC7F-F90EDE775055}.Release|Any CPU.ActiveCfg = Release|Any CPU
		{60D45F54-1AB5-40F3-BC7F-F90EDE775055}.Release|Any CPU.Build.0 = Release|Any CPU
		{1C75D169-B563-453B-9D57-9C8C9071BBBB}.Debug|Any CPU.ActiveCfg = Debug|Any CPU
		{1C75D169-B563-453B-9D57-9C8C9071BBBB}.Debug|Any CPU.Build.0 = Debug|Any CPU
		{1C75D169-B563-453B-9D57-9C8C9071BBBB}.Release|Any CPU.ActiveCfg = Release|Any CPU
		{1C75D169-B563-453B-9D57-9C8C9071BBBB}.Release|Any CPU.Build.0 = Release|Any CPU
	EndGlobalSection
	GlobalSection(SolutionProperties) = preSolution
		HideSolutionNode = FALSE
	EndGlobalSection
	GlobalSection(ExtensibilityGlobals) = postSolution
		SolutionGuid = {15919136-43E2-46C6-838D-A503A10DDB87}
	EndGlobalSection
EndGlobal
